// !$*UTF8*$!
{
	archiveVersion = 1;
	classes = {
	};
	objectVersion = 48;
	objects = {

/* Begin PBXBuildFile section */
		69F8AB371F5348E600EED605 /* AppDelegate.swift in Sources */ = {isa = PBXBuildFile; fileRef = 69F8AB361F5348E600EED605 /* AppDelegate.swift */; };
		69F8AB391F5348E600EED605 /* GameScene.sks in Resources */ = {isa = PBXBuildFile; fileRef = 69F8AB381F5348E600EED605 /* GameScene.sks */; };
		69F8AB3D1F5348E600EED605 /* GameScene.swift in Sources */ = {isa = PBXBuildFile; fileRef = 69F8AB3C1F5348E600EED605 /* GameScene.swift */; };
		69F8AB3F1F5348E600EED605 /* ViewController.swift in Sources */ = {isa = PBXBuildFile; fileRef = 69F8AB3E1F5348E600EED605 /* ViewController.swift */; };
		69F8AB411F5348E600EED605 /* Assets.xcassets in Resources */ = {isa = PBXBuildFile; fileRef = 69F8AB401F5348E600EED605 /* Assets.xcassets */; };
		69F8AB441F5348E600EED605 /* Main.storyboard in Resources */ = {isa = PBXBuildFile; fileRef = 69F8AB421F5348E600EED605 /* Main.storyboard */; };
		69F8AB501F5348E600EED605 /* PongTests.swift in Sources */ = {isa = PBXBuildFile; fileRef = 69F8AB4F1F5348E600EED605 /* PongTests.swift */; };
		69F8AB5B1F534AA200EED605 /* BouncyBall.swift in Sources */ = {isa = PBXBuildFile; fileRef = 69F8AB5A1F534AA200EED605 /* BouncyBall.swift */; };
/* End PBXBuildFile section */

/* Begin PBXContainerItemProxy section */
		69F8AB4C1F5348E600EED605 /* PBXContainerItemProxy */ = {
			isa = PBXContainerItemProxy;
			containerPortal = 69F8AB2B1F5348E600EED605 /* Project object */;
			proxyType = 1;
			remoteGlobalIDString = 69F8AB321F5348E600EED605;
			remoteInfo = Pong;
		};
/* End PBXContainerItemProxy section */

/* Begin PBXFileReference section */
		69F8AB331F5348E600EED605 /* Pong.app */ = {isa = PBXFileReference; explicitFileType = wrapper.application; includeInIndex = 0; path = Pong.app; sourceTree = BUILT_PRODUCTS_DIR; };
		69F8AB361F5348E600EED605 /* AppDelegate.swift */ = {isa = PBXFileReference; lastKnownFileType = sourcecode.swift; path = AppDelegate.swift; sourceTree = "<group>"; };
		69F8AB381F5348E600EED605 /* GameScene.sks */ = {isa = PBXFileReference; lastKnownFileType = file.sks; path = GameScene.sks; sourceTree = "<group>"; };
		69F8AB3C1F5348E600EED605 /* GameScene.swift */ = {isa = PBXFileReference; lastKnownFileType = sourcecode.swift; path = GameScene.swift; sourceTree = "<group>"; };
		69F8AB3E1F5348E600EED605 /* ViewController.swift */ = {isa = PBXFileReference; lastKnownFileType = sourcecode.swift; path = ViewController.swift; sourceTree = "<group>"; };
		69F8AB401F5348E600EED605 /* Assets.xcassets */ = {isa = PBXFileReference; lastKnownFileType = folder.assetcatalog; path = Assets.xcassets; sourceTree = "<group>"; };
		69F8AB431F5348E600EED605 /* Base */ = {isa = PBXFileReference; lastKnownFileType = file.storyboard; name = Base; path = Base.lproj/Main.storyboard; sourceTree = "<group>"; };
		69F8AB451F5348E600EED605 /* Info.plist */ = {isa = PBXFileReference; lastKnownFileType = text.plist.xml; path = Info.plist; sourceTree = "<group>"; };
		69F8AB461F5348E600EED605 /* Pong.entitlements */ = {isa = PBXFileReference; lastKnownFileType = text.plist.entitlements; path = Pong.entitlements; sourceTree = "<group>"; };
		69F8AB4B1F5348E600EED605 /* PongTests.xctest */ = {isa = PBXFileReference; explicitFileType = wrapper.cfbundle; includeInIndex = 0; path = PongTests.xctest; sourceTree = BUILT_PRODUCTS_DIR; };
		69F8AB4F1F5348E600EED605 /* PongTests.swift */ = {isa = PBXFileReference; lastKnownFileType = sourcecode.swift; path = PongTests.swift; sourceTree = "<group>"; };
		69F8AB511F5348E600EED605 /* Info.plist */ = {isa = PBXFileReference; lastKnownFileType = text.plist.xml; path = Info.plist; sourceTree = "<group>"; };
		69F8AB5A1F534AA200EED605 /* BouncyBall.swift */ = {isa = PBXFileReference; lastKnownFileType = sourcecode.swift; path = BouncyBall.swift; sourceTree = "<group>"; };
/* End PBXFileReference section */

/* Begin PBXFrameworksBuildPhase section */
		69F8AB301F5348E600EED605 /* Frameworks */ = {
			isa = PBXFrameworksBuildPhase;
			buildActionMask = 2147483647;
			files = (
			);
			runOnlyForDeploymentPostprocessing = 0;
		};
		69F8AB481F5348E600EED605 /* Frameworks */ = {
			isa = PBXFrameworksBuildPhase;
			buildActionMask = 2147483647;
			files = (
			);
			runOnlyForDeploymentPostprocessing = 0;
		};
/* End PBXFrameworksBuildPhase section */

/* Begin PBXGroup section */
		69F8AB2A1F5348E600EED605 = {
			isa = PBXGroup;
			children = (
				69F8AB351F5348E600EED605 /* Pong */,
				69F8AB4E1F5348E600EED605 /* PongTests */,
				69F8AB341F5348E600EED605 /* Products */,
			);
			sourceTree = "<group>";
		};
		69F8AB341F5348E600EED605 /* Products */ = {
			isa = PBXGroup;
			children = (
				69F8AB331F5348E600EED605 /* Pong.app */,
				69F8AB4B1F5348E600EED605 /* PongTests.xctest */,
			);
			name = Products;
			sourceTree = "<group>";
		};
		69F8AB351F5348E600EED605 /* Pong */ = {
			isa = PBXGroup;
			children = (
				69F8AB361F5348E600EED605 /* AppDelegate.swift */,
				69F8AB381F5348E600EED605 /* GameScene.sks */,
				69F8AB3C1F5348E600EED605 /* GameScene.swift */,
				69F8AB3E1F5348E600EED605 /* ViewController.swift */,
				69F8AB5C1F534AA500EED605 /* Model */,
				69F8AB401F5348E600EED605 /* Assets.xcassets */,
				69F8AB421F5348E600EED605 /* Main.storyboard */,
				69F8AB451F5348E600EED605 /* Info.plist */,
				69F8AB461F5348E600EED605 /* Pong.entitlements */,
			);
			path = Pong;
			sourceTree = "<group>";
		};
		69F8AB4E1F5348E600EED605 /* PongTests */ = {
			isa = PBXGroup;
			children = (
				69F8AB4F1F5348E600EED605 /* PongTests.swift */,
				69F8AB511F5348E600EED605 /* Info.plist */,
			);
			path = PongTests;
			sourceTree = "<group>";
		};
		69F8AB5C1F534AA500EED605 /* Model */ = {
			isa = PBXGroup;
			children = (
				69F8AB5A1F534AA200EED605 /* BouncyBall.swift */,
			);
			path = Model;
			sourceTree = "<group>";
		};
/* End PBXGroup section */

/* Begin PBXNativeTarget section */
		69F8AB321F5348E600EED605 /* Pong */ = {
			isa = PBXNativeTarget;
			buildConfigurationList = 69F8AB541F5348E600EED605 /* Build configuration list for PBXNativeTarget "Pong" */;
			buildPhases = (
				69F8AB2F1F5348E600EED605 /* Sources */,
				69F8AB301F5348E600EED605 /* Frameworks */,
				69F8AB311F5348E600EED605 /* Resources */,
			);
			buildRules = (
			);
			dependencies = (
			);
			name = Pong;
			productName = Pong;
			productReference = 69F8AB331F5348E600EED605 /* Pong.app */;
			productType = "com.apple.product-type.application";
		};
		69F8AB4A1F5348E600EED605 /* PongTests */ = {
			isa = PBXNativeTarget;
			buildConfigurationList = 69F8AB571F5348E600EED605 /* Build configuration list for PBXNativeTarget "PongTests" */;
			buildPhases = (
				69F8AB471F5348E600EED605 /* Sources */,
				69F8AB481F5348E600EED605 /* Frameworks */,
				69F8AB491F5348E600EED605 /* Resources */,
			);
			buildRules = (
			);
			dependencies = (
				69F8AB4D1F5348E600EED605 /* PBXTargetDependency */,
			);
			name = PongTests;
			productName = PongTests;
			productReference = 69F8AB4B1F5348E600EED605 /* PongTests.xctest */;
			productType = "com.apple.product-type.bundle.unit-test";
		};
/* End PBXNativeTarget section */

/* Begin PBXProject section */
		69F8AB2B1F5348E600EED605 /* Project object */ = {
			isa = PBXProject;
			attributes = {
				LastSwiftUpdateCheck = 0900;
				LastUpgradeCheck = 0900;
				ORGANIZATIONNAME = "Joe Holt";
				TargetAttributes = {
					69F8AB321F5348E600EED605 = {
						CreatedOnToolsVersion = 9.0;
						ProvisioningStyle = Automatic;
					};
					69F8AB4A1F5348E600EED605 = {
						CreatedOnToolsVersion = 9.0;
						ProvisioningStyle = Automatic;
						TestTargetID = 69F8AB321F5348E600EED605;
					};
				};
			};
			buildConfigurationList = 69F8AB2E1F5348E600EED605 /* Build configuration list for PBXProject "Pong" */;
			compatibilityVersion = "Xcode 8.0";
			developmentRegion = en;
			hasScannedForEncodings = 0;
			knownRegions = (
				en,
				Base,
			);
			mainGroup = 69F8AB2A1F5348E600EED605;
			productRefGroup = 69F8AB341F5348E600EED605 /* Products */;
			projectDirPath = "";
			projectRoot = "";
			targets = (
				69F8AB321F5348E600EED605 /* Pong */,
				69F8AB4A1F5348E600EED605 /* PongTests */,
			);
		};
/* End PBXProject section */

/* Begin PBXResourcesBuildPhase section */
		69F8AB311F5348E600EED605 /* Resources */ = {
			isa = PBXResourcesBuildPhase;
			buildActionMask = 2147483647;
			files = (
				69F8AB391F5348E600EED605 /* GameScene.sks in Resources */,
				69F8AB411F5348E600EED605 /* Assets.xcassets in Resources */,
				69F8AB441F5348E600EED605 /* Main.storyboard in Resources */,
			);
			runOnlyForDeploymentPostprocessing = 0;
		};
		69F8AB491F5348E600EED605 /* Resources */ = {
			isa = PBXResourcesBuildPhase;
			buildActionMask = 2147483647;
			files = (
			);
			runOnlyForDeploymentPostprocessing = 0;
		};
/* End PBXResourcesBuildPhase section */

/* Begin PBXSourcesBuildPhase section */
		69F8AB2F1F5348E600EED605 /* Sources */ = {
			isa = PBXSourcesBuildPhase;
			buildActionMask = 2147483647;
			files = (
				69F8AB3F1F5348E600EED605 /* ViewController.swift in Sources */,
				69F8AB3D1F5348E600EED605 /* GameScene.swift in Sources */,
				69F8AB5B1F534AA200EED605 /* BouncyBall.swift in Sources */,
				69F8AB371F5348E600EED605 /* AppDelegate.swift in Sources */,
			);
			runOnlyForDeploymentPostprocessing = 0;
		};
		69F8AB471F5348E600EED605 /* Sources */ = {
			isa = PBXSourcesBuildPhase;
			buildActionMask = 2147483647;
			files = (
				69F8AB501F5348E600EED605 /* PongTests.swift in Sources */,
			);
			runOnlyForDeploymentPostprocessing = 0;
		};
/* End PBXSourcesBuildPhase section */

/* Begin PBXTargetDependency section */
		69F8AB4D1F5348E600EED605 /* PBXTargetDependency */ = {
			isa = PBXTargetDependency;
			target = 69F8AB321F5348E600EED605 /* Pong */;
			targetProxy = 69F8AB4C1F5348E600EED605 /* PBXContainerItemProxy */;
		};
/* End PBXTargetDependency section */

/* Begin PBXVariantGroup section */
		69F8AB421F5348E600EED605 /* Main.storyboard */ = {
			isa = PBXVariantGroup;
			children = (
				69F8AB431F5348E600EED605 /* Base */,
			);
			name = Main.storyboard;
			sourceTree = "<group>";
		};
/* End PBXVariantGroup section */

/* Begin XCBuildConfiguration section */
		69F8AB521F5348E600EED605 /* Debug */ = {
			isa = XCBuildConfiguration;
			buildSettings = {
				ALWAYS_SEARCH_USER_PATHS = NO;
				CLANG_ANALYZER_NONNULL = YES;
				CLANG_ANALYZER_NUMBER_OBJECT_CONVERSION = YES_AGGRESSIVE;
				CLANG_CXX_LANGUAGE_STANDARD = "gnu++14";
				CLANG_CXX_LIBRARY = "libc++";
				CLANG_ENABLE_MODULES = YES;
				CLANG_ENABLE_OBJC_ARC = YES;
				CLANG_WARN_BLOCK_CAPTURE_AUTORELEASING = YES;
				CLANG_WARN_BOOL_CONVERSION = YES;
				CLANG_WARN_COMMA = YES;
				CLANG_WARN_CONSTANT_CONVERSION = YES;
				CLANG_WARN_DIRECT_OBJC_ISA_USAGE = YES_ERROR;
				CLANG_WARN_DOCUMENTATION_COMMENTS = YES;
				CLANG_WARN_EMPTY_BODY = YES;
				CLANG_WARN_ENUM_CONVERSION = YES;
				CLANG_WARN_INFINITE_RECURSION = YES;
				CLANG_WARN_INT_CONVERSION = YES;
				CLANG_WARN_NON_LITERAL_NULL_CONVERSION = YES;
				CLANG_WARN_OBJC_LITERAL_CONVERSION = YES;
				CLANG_WARN_OBJC_ROOT_CLASS = YES_ERROR;
				CLANG_WARN_RANGE_LOOP_ANALYSIS = YES;
				CLANG_WARN_STRICT_PROTOTYPES = YES;
				CLANG_WARN_SUSPICIOUS_MOVE = YES;
				CLANG_WARN_UNGUARDED_AVAILABILITY = YES_AGGRESSIVE;
				CLANG_WARN_UNREACHABLE_CODE = YES;
				CLANG_WARN__DUPLICATE_METHOD_MATCH = YES;
				CODE_SIGN_IDENTITY = "Mac Developer";
				COPY_PHASE_STRIP = NO;
				DEBUG_INFORMATION_FORMAT = dwarf;
				ENABLE_STRICT_OBJC_MSGSEND = YES;
				ENABLE_TESTABILITY = YES;
				GCC_C_LANGUAGE_STANDARD = gnu11;
				GCC_DYNAMIC_NO_PIC = NO;
				GCC_NO_COMMON_BLOCKS = YES;
				GCC_OPTIMIZATION_LEVEL = 0;
				GCC_PREPROCESSOR_DEFINITIONS = (
					"DEBUG=1",
					"$(inherited)",
				);
				GCC_WARN_64_TO_32_BIT_CONVERSION = YES;
				GCC_WARN_ABOUT_RETURN_TYPE = YES_ERROR;
				GCC_WARN_UNDECLARED_SELECTOR = YES;
				GCC_WARN_UNINITIALIZED_AUTOS = YES_AGGRESSIVE;
				GCC_WARN_UNUSED_FUNCTION = YES;
				GCC_WARN_UNUSED_VARIABLE = YES;
				MACOSX_DEPLOYMENT_TARGET = 10.12;
				MTL_ENABLE_DEBUG_INFO = YES;
				ONLY_ACTIVE_ARCH = YES;
				SDKROOT = macosx;
				SWIFT_ACTIVE_COMPILATION_CONDITIONS = DEBUG;
				SWIFT_OPTIMIZATION_LEVEL = "-Onone";
			};
			name = Debug;
		};
		69F8AB531F5348E600EED605 /* Release */ = {
			isa = XCBuildConfiguration;
			buildSettings = {
				ALWAYS_SEARCH_USER_PATHS = NO;
				CLANG_ANALYZER_NONNULL = YES;
				CLANG_ANALYZER_NUMBER_OBJECT_CONVERSION = YES_AGGRESSIVE;
				CLANG_CXX_LANGUAGE_STANDARD = "gnu++14";
				CLANG_CXX_LIBRARY = "libc++";
				CLANG_ENABLE_MODULES = YES;
				CLANG_ENABLE_OBJC_ARC = YES;
				CLANG_WARN_BLOCK_CAPTURE_AUTORELEASING = YES;
				CLANG_WARN_BOOL_CONVERSION = YES;
				CLANG_WARN_COMMA = YES;
				CLANG_WARN_CONSTANT_CONVERSION = YES;
				CLANG_WARN_DIRECT_OBJC_ISA_USAGE = YES_ERROR;
				CLANG_WARN_DOCUMENTATION_COMMENTS = YES;
				CLANG_WARN_EMPTY_BODY = YES;
				CLANG_WARN_ENUM_CONVERSION = YES;
				CLANG_WARN_INFINITE_RECURSION = YES;
				CLANG_WARN_INT_CONVERSION = YES;
				CLANG_WARN_NON_LITERAL_NULL_CONVERSION = YES;
				CLANG_WARN_OBJC_LITERAL_CONVERSION = YES;
				CLANG_WARN_OBJC_ROOT_CLASS = YES_ERROR;
				CLANG_WARN_RANGE_LOOP_ANALYSIS = YES;
				CLANG_WARN_STRICT_PROTOTYPES = YES;
				CLANG_WARN_SUSPICIOUS_MOVE = YES;
				CLANG_WARN_UNGUARDED_AVAILABILITY = YES_AGGRESSIVE;
				CLANG_WARN_UNREACHABLE_CODE = YES;
				CLANG_WARN__DUPLICATE_METHOD_MATCH = YES;
				CODE_SIGN_IDENTITY = "Mac Developer";
				COPY_PHASE_STRIP = NO;
				DEBUG_INFORMATION_FORMAT = "dwarf-with-dsym";
				ENABLE_NS_ASSERTIONS = NO;
				ENABLE_STRICT_OBJC_MSGSEND = YES;
				GCC_C_LANGUAGE_STANDARD = gnu11;
				GCC_NO_COMMON_BLOCKS = YES;
				GCC_WARN_64_TO_32_BIT_CONVERSION = YES;
				GCC_WARN_ABOUT_RETURN_TYPE = YES_ERROR;
				GCC_WARN_UNDECLARED_SELECTOR = YES;
				GCC_WARN_UNINITIALIZED_AUTOS = YES_AGGRESSIVE;
				GCC_WARN_UNUSED_FUNCTION = YES;
				GCC_WARN_UNUSED_VARIABLE = YES;
				MACOSX_DEPLOYMENT_TARGET = 10.12;
				MTL_ENABLE_DEBUG_INFO = NO;
				SDKROOT = macosx;
				SWIFT_OPTIMIZATION_LEVEL = "-Owholemodule";
			};
			name = Release;
		};
		69F8AB551F5348E600EED605 /* Debug */ = {
			isa = XCBuildConfiguration;
			buildSettings = {
				ASSETCATALOG_COMPILER_APPICON_NAME = AppIcon;
				CODE_SIGN_ENTITLEMENTS = Pong/Pong.entitlements;
				CODE_SIGN_STYLE = Automatic;
				COMBINE_HIDPI_IMAGES = YES;
				DEVELOPMENT_TEAM = G89T23PT2Q;
				INFOPLIST_FILE = Pong/Info.plist;
				LD_RUNPATH_SEARCH_PATHS = "$(inherited) @executable_path/../Frameworks";
				PRODUCT_BUNDLE_IDENTIFIER = com.JoeHolt.Pong;
				PRODUCT_NAME = "$(TARGET_NAME)";
				SWIFT_VERSION = 4.0;
			};
			name = Debug;
		};
		69F8AB561F5348E600EED605 /* Release */ = {
			isa = XCBuildConfiguration;
			buildSettings = {
				ASSETCATALOG_COMPILER_APPICON_NAME = AppIcon;
				CODE_SIGN_ENTITLEMENTS = Pong/Pong.entitlements;
				CODE_SIGN_STYLE = Automatic;
				COMBINE_HIDPI_IMAGES = YES;
				DEVELOPMENT_TEAM = G89T23PT2Q;
				INFOPLIST_FILE = Pong/Info.plist;
				LD_RUNPATH_SEARCH_PATHS = "$(inherited) @executable_path/../Frameworks";
				PRODUCT_BUNDLE_IDENTIFIER = com.JoeHolt.Pong;
				PRODUCT_NAME = "$(TARGET_NAME)";
				SWIFT_VERSION = 4.0;
			};
			name = Release;
		};
		69F8AB581F5348E600EED605 /* Debug */ = {
			isa = XCBuildConfiguration;
			buildSettings = {
				ALWAYS_EMBED_SWIFT_STANDARD_LIBRARIES = YES;
				BUNDLE_LOADER = "$(TEST_HOST)";
				CODE_SIGN_STYLE = Automatic;
				COMBINE_HIDPI_IMAGES = YES;
				DEVELOPMENT_TEAM = G89T23PT2Q;
				INFOPLIST_FILE = PongTests/Info.plist;
				LD_RUNPATH_SEARCH_PATHS = "$(inherited) @executable_path/../Frameworks @loader_path/../Frameworks";
				PRODUCT_BUNDLE_IDENTIFIER = com.JoeHolt.PongTests;
				PRODUCT_NAME = "$(TARGET_NAME)";
				SWIFT_VERSION = 4.0;
				TEST_HOST = "$(BUILT_PRODUCTS_DIR)/Pong.app/Contents/MacOS/Pong";
			};
			name = Debug;
		};
		69F8AB591F5348E600EED605 /* Release */ = {
			isa = XCBuildConfiguration;
			buildSettings = {
				ALWAYS_EMBED_SWIFT_STANDARD_LIBRARIES = YES;
				BUNDLE_LOADER = "$(TEST_HOST)";
				CODE_SIGN_STYLE = Automatic;
				COMBINE_HIDPI_IMAGES = YES;
				DEVELOPMENT_TEAM = G89T23PT2Q;
				INFOPLIST_FILE = PongTests/Info.plist;
				LD_RUNPATH_SEARCH_PATHS = "$(inherited) @executable_path/../Frameworks @loader_path/../Frameworks";
				PRODUCT_BUNDLE_IDENTIFIER = com.JoeHolt.PongTests;
				PRODUCT_NAME = "$(TARGET_NAME)";
				SWIFT_VERSION = 4.0;
				TEST_HOST = "$(BUILT_PRODUCTS_DIR)/Pong.app/Contents/MacOS/Pong";
			};
			name = Release;
		};
/* End XCBuildConfiguration section */

/* Begin XCConfigurationList section */
		69F8AB2E1F5348E600EED605 /* Build configuration list for PBXProject "Pong" */ = {
			isa = XCConfigurationList;
			buildConfigurations = (
				69F8AB521F5348E600EED605 /* Debug */,
				69F8AB531F5348E600EED605 /* Release */,
			);
			defaultConfigurationIsVisible = 0;
			defaultConfigurationName = Release;
		};
		69F8AB541F5348E600EED605 /* Build configuration list for PBXNativeTarget "Pong" */ = {
			isa = XCConfigurationList;
			buildConfigurations = (
				69F8AB551F5348E600EED605 /* Debug */,
				69F8AB561F5348E600EED605 /* Release */,
			);
			defaultConfigurationIsVisible = 0;
			defaultConfigurationName = Release;
		};
		69F8AB571F5348E600EED605 /* Build configuration list for PBXNativeTarget "PongTests" */ = {
			isa = XCConfigurationList;
			buildConfigurations = (
				69F8AB581F5348E600EED605 /* Debug */,
				69F8AB591F5348E600EED605 /* Release */,
			);
			defaultConfigurationIsVisible = 0;
			defaultConfigurationName = Release;
		};
/* End XCConfigurationList section */
	};
	rootObject = 69F8AB2B1F5348E600EED605 /* Project object */;
}
